
Microsoft Visual Studio Solution File, Format Version 12.00
# Visual Studio Version 16
VisualStudioVersion = 16.0.31515.178
MinimumVisualStudioVersion = 10.0.40219.1
Project("{888888A0-9F3D-457C-B088-3A5042F75D52}") = "PasswordStrengthTester", "PasswordStrengthTester\PasswordStrengthTester.pyproj", "{AB82DB7B-9A66-4861-926F-CC10C727380C}"
EndProject
Global
	GlobalSection(SolutionConfigurationPlatforms) = preSolution
		Debug|Any CPU = Debug|Any CPU
		Release|Any CPU = Release|Any CPU
	EndGlobalSection
	GlobalSection(ProjectConfigurationPlatforms) = postSolution
		{AB82DB7B-9A66-4861-926F-CC10C727380C}.Debug|Any CPU.ActiveCfg = Debug|Any CPU
		{AB82DB7B-9A66-4861-926F-CC10C727380C}.Debug|Any CPU.Build.0 = Debug|Any CPU
		{AB82DB7B-9A66-4861-926F-CC10C727380C}.Release|Any CPU.ActiveCfg = Release|Any CPU
		{AB82DB7B-9A66-4861-926F-CC10C727380C}.Release|Any CPU.Build.0 = Release|Any CPU
	EndGlobalSection
	GlobalSection(SolutionProperties) = preSolution
		HideSolutionNode = FALSE
	EndGlobalSection
	GlobalSection(ExtensibilityGlobals) = postSolution
		SolutionGuid = {3B344034-8594-4D5E-B68D-4A100D2E3D0D}
	EndGlobalSection
EndGlobal
